{
  "nodes": {
    "java": {
      "inputs": {
        "nixpkgs": [
          "nixpkgs"
        ],
        "utils": "utils"
      },
      "locked": {
        "lastModified": 1656122108,
        "narHash": "sha256-wJrVZLqvBhq+u2Mi3yc4oS8pOtzdxL6uMmmSt+1bNHE=",
        "owner": "nathans-flakes",
        "repo": "java",
        "rev": "4ade2ae9e949b184ba2d47495ec348f385ab0300",
        "type": "github"
      },
      "original": {
        "owner": "nathans-flakes",
        "repo": "java",
        "type": "github"
      }
    },
    "nixpkgs": {
      "locked": {
        "lastModified": 1656335358,
        "narHash": "sha256-t0PZIFCKgjF2WQ0NC6ORigdGgLqQD3vtT+Jx/dhjNsY=",
        "owner": "NixOS",
        "repo": "nixpkgs",
        "rev": "62de360d75419386b69ea4af4a8ce104949a8242",
        "type": "github"
      },
      "original": {
        "owner": "NixOS",
        "ref": "nixos-22.05",
        "repo": "nixpkgs",
        "type": "github"
      }
    },
    "root": {
      "inputs": {
        "java": "java",
        "nixpkgs": "nixpkgs"
      }
    },
    "utils": {
      "locked": {
        "lastModified": 1653893745,
        "narHash": "sha256-0jntwV3Z8//YwuOjzhV2sgJJPt+HY6KhU7VZUL0fKZQ=",
        "owner": "numtide",
        "repo": "flake-utils",
        "rev": "1ed9fb1935d260de5fe1c2f7ee0ebaae17ed2fa1",
        "type": "github"
      },
      "original": {
        "owner": "numtide",
        "repo": "flake-utils",
        "type": "github"
      }
    }
  },
  "root": "root",
  "version": 7
}
